// !$*UTF8*$!
{
	archiveVersion = 1;
	classes = {
	};
	objectVersion = 46;
	objects = {

/* Begin PBXBuildFile section */
		1B5802331D5BA8F100DCAEB6 /* CardView2.xib in Resources */ = {isa = PBXBuildFile; fileRef = 1B5802321D5BA8F100DCAEB6 /* CardView2.xib */; };
		1B8996D51D5A39750021F5ED /* CardView.xib in Resources */ = {isa = PBXBuildFile; fileRef = 1B8996D41D5A39750021F5ED /* CardView.xib */; };
		1B99A0231D54230500045402 /* SplashScreen.swift in Sources */ = {isa = PBXBuildFile; fileRef = 1B99A0221D54230400045402 /* SplashScreen.swift */; };
		1B99A0271D54561600045402 /* CALayer+Pulsar.swift in Sources */ = {isa = PBXBuildFile; fileRef = 1B99A0261D54561600045402 /* CALayer+Pulsar.swift */; };
		1BE9F4471D0A580000E0D7A0 /* DraggableViewBackground.swift in Sources */ = {isa = PBXBuildFile; fileRef = 1BE9F4461D0A580000E0D7A0 /* DraggableViewBackground.swift */; };
		1BE9F4491D0A5A7400E0D7A0 /* OverlayView.swift in Sources */ = {isa = PBXBuildFile; fileRef = 1BE9F4481D0A5A7400E0D7A0 /* OverlayView.swift */; };
		1BE9F44B1D0A8E9900E0D7A0 /* CardDataStore.swift in Sources */ = {isa = PBXBuildFile; fileRef = 1BE9F44A1D0A8E9900E0D7A0 /* CardDataStore.swift */; };
		1F1398A11CFF675A0053408A /* CardView.swift in Sources */ = {isa = PBXBuildFile; fileRef = 1F1398A01CFF675A0053408A /* CardView.swift */; };
		9183A293ED11878DCE270FA9 /* Pods_Guidr.framework in Frameworks */ = {isa = PBXBuildFile; fileRef = BA426CFA56D7C939ABA18634 /* Pods_Guidr.framework */; };
		EB036CC61CF6167E000CCB5E /* AppDelegate.swift in Sources */ = {isa = PBXBuildFile; fileRef = EB036CC51CF6167E000CCB5E /* AppDelegate.swift */; };
		EB036CC81CF6167E000CCB5E /* ViewController.swift in Sources */ = {isa = PBXBuildFile; fileRef = EB036CC71CF6167E000CCB5E /* ViewController.swift */; };
		EB036CCB1CF6167E000CCB5E /* Main.storyboard in Resources */ = {isa = PBXBuildFile; fileRef = EB036CC91CF6167E000CCB5E /* Main.storyboard */; };
		EB036CCD1CF6167E000CCB5E /* Assets.xcassets in Resources */ = {isa = PBXBuildFile; fileRef = EB036CCC1CF6167E000CCB5E /* Assets.xcassets */; };
		EB036CD01CF6167E000CCB5E /* LaunchScreen.storyboard in Resources */ = {isa = PBXBuildFile; fileRef = EB036CCE1CF6167E000CCB5E /* LaunchScreen.storyboard */; };
		EB3227A91CF8E4B8005FF081 /* Secrets.swift in Sources */ = {isa = PBXBuildFile; fileRef = EB3227A81CF8E4B8005FF081 /* Secrets.swift */; };
		EB6C01D21CF62D9900A64A0D /* Foundation.framework in Frameworks */ = {isa = PBXBuildFile; fileRef = EB6C01D11CF62D9900A64A0D /* Foundation.framework */; };
		EB6C01D41CF62DA200A64A0D /* Security.framework in Frameworks */ = {isa = PBXBuildFile; fileRef = EB6C01D31CF62DA200A64A0D /* Security.framework */; };
		EB6C01D61CF62DAA00A64A0D /* SystemConfiguration.framework in Frameworks */ = {isa = PBXBuildFile; fileRef = EB6C01D51CF62DAA00A64A0D /* SystemConfiguration.framework */; };
/* End PBXBuildFile section */

/* Begin PBXFileReference section */
		1B5802321D5BA8F100DCAEB6 /* CardView2.xib */ = {isa = PBXFileReference; fileEncoding = 4; lastKnownFileType = file.xib; path = CardView2.xib; sourceTree = "<group>"; };
		1B8996D41D5A39750021F5ED /* CardView.xib */ = {isa = PBXFileReference; fileEncoding = 4; lastKnownFileType = file.xib; path = CardView.xib; sourceTree = "<group>"; };
		1B99A0221D54230400045402 /* SplashScreen.swift */ = {isa = PBXFileReference; fileEncoding = 4; lastKnownFileType = sourcecode.swift; path = SplashScreen.swift; sourceTree = "<group>"; };
		1B99A0241D54555900045402 /* Pulsar.framework */ = {isa = PBXFileReference; lastKnownFileType = wrapper.framework; name = Pulsar.framework; path = "../../../../Library/Developer/Xcode/DerivedData/Guidr-diwwzdyjliyegvfevvxzqetxmjva/Build/Products/Debug-iphonesimulator/Pulsar/Pulsar.framework"; sourceTree = "<group>"; };
		1B99A0261D54561600045402 /* CALayer+Pulsar.swift */ = {isa = PBXFileReference; fileEncoding = 4; lastKnownFileType = sourcecode.swift; path = "CALayer+Pulsar.swift"; sourceTree = "<group>"; };
		1BE9F4461D0A580000E0D7A0 /* DraggableViewBackground.swift */ = {isa = PBXFileReference; fileEncoding = 4; lastKnownFileType = sourcecode.swift; path = DraggableViewBackground.swift; sourceTree = "<group>"; };
		1BE9F4481D0A5A7400E0D7A0 /* OverlayView.swift */ = {isa = PBXFileReference; fileEncoding = 4; lastKnownFileType = sourcecode.swift; path = OverlayView.swift; sourceTree = "<group>"; };
		1BE9F44A1D0A8E9900E0D7A0 /* CardDataStore.swift */ = {isa = PBXFileReference; fileEncoding = 4; lastKnownFileType = sourcecode.swift; path = CardDataStore.swift; sourceTree = "<group>"; };
		1F1398A01CFF675A0053408A /* CardView.swift */ = {isa = PBXFileReference; fileEncoding = 4; lastKnownFileType = sourcecode.swift; path = CardView.swift; sourceTree = "<group>"; };
		BA426CFA56D7C939ABA18634 /* Pods_Guidr.framework */ = {isa = PBXFileReference; explicitFileType = wrapper.framework; includeInIndex = 0; path = Pods_Guidr.framework; sourceTree = BUILT_PRODUCTS_DIR; };
		DAD5F053B0EACE8670793C0E /* Pods-Guidr.debug.xcconfig */ = {isa = PBXFileReference; includeInIndex = 1; lastKnownFileType = text.xcconfig; name = "Pods-Guidr.debug.xcconfig"; path = "Pods/Target Support Files/Pods-Guidr/Pods-Guidr.debug.xcconfig"; sourceTree = "<group>"; };
		E115212CECDA0662BD99F273 /* Pods-Guidr.release.xcconfig */ = {isa = PBXFileReference; includeInIndex = 1; lastKnownFileType = text.xcconfig; name = "Pods-Guidr.release.xcconfig"; path = "Pods/Target Support Files/Pods-Guidr/Pods-Guidr.release.xcconfig"; sourceTree = "<group>"; };
		EB036CC21CF6167E000CCB5E /* Guidr.app */ = {isa = PBXFileReference; explicitFileType = wrapper.application; includeInIndex = 0; path = Guidr.app; sourceTree = BUILT_PRODUCTS_DIR; };
		EB036CC51CF6167E000CCB5E /* AppDelegate.swift */ = {isa = PBXFileReference; lastKnownFileType = sourcecode.swift; path = AppDelegate.swift; sourceTree = "<group>"; };
		EB036CC71CF6167E000CCB5E /* ViewController.swift */ = {isa = PBXFileReference; lastKnownFileType = sourcecode.swift; path = ViewController.swift; sourceTree = "<group>"; };
		EB036CCA1CF6167E000CCB5E /* Base */ = {isa = PBXFileReference; lastKnownFileType = file.storyboard; name = Base; path = Base.lproj/Main.storyboard; sourceTree = "<group>"; };
		EB036CCC1CF6167E000CCB5E /* Assets.xcassets */ = {isa = PBXFileReference; lastKnownFileType = folder.assetcatalog; path = Assets.xcassets; sourceTree = "<group>"; };
		EB036CCF1CF6167E000CCB5E /* Base */ = {isa = PBXFileReference; lastKnownFileType = file.storyboard; name = Base; path = Base.lproj/LaunchScreen.storyboard; sourceTree = "<group>"; };
		EB036CD11CF6167E000CCB5E /* Info.plist */ = {isa = PBXFileReference; lastKnownFileType = text.plist.xml; path = Info.plist; sourceTree = "<group>"; };
		EB3227A81CF8E4B8005FF081 /* Secrets.swift */ = {isa = PBXFileReference; fileEncoding = 4; lastKnownFileType = sourcecode.swift; path = Secrets.swift; sourceTree = "<group>"; };
		EB6C01D11CF62D9900A64A0D /* Foundation.framework */ = {isa = PBXFileReference; lastKnownFileType = wrapper.framework; name = Foundation.framework; path = System/Library/Frameworks/Foundation.framework; sourceTree = SDKROOT; };
		EB6C01D31CF62DA200A64A0D /* Security.framework */ = {isa = PBXFileReference; lastKnownFileType = wrapper.framework; name = Security.framework; path = System/Library/Frameworks/Security.framework; sourceTree = SDKROOT; };
		EB6C01D51CF62DAA00A64A0D /* SystemConfiguration.framework */ = {isa = PBXFileReference; lastKnownFileType = wrapper.framework; name = SystemConfiguration.framework; path = System/Library/Frameworks/SystemConfiguration.framework; sourceTree = SDKROOT; };
		EB6C01D81CF62F8000A64A0D /* GGuidr-Bridging-Header.h */ = {isa = PBXFileReference; lastKnownFileType = sourcecode.c.h; path = "GGuidr-Bridging-Header.h"; sourceTree = "<group>"; };
/* End PBXFileReference section */

/* Begin PBXFrameworksBuildPhase section */
		EB036CBF1CF6167E000CCB5E /* Frameworks */ = {
			isa = PBXFrameworksBuildPhase;
			buildActionMask = 2147483647;
			files = (
				EB6C01D61CF62DAA00A64A0D /* SystemConfiguration.framework in Frameworks */,
				EB6C01D41CF62DA200A64A0D /* Security.framework in Frameworks */,
				EB6C01D21CF62D9900A64A0D /* Foundation.framework in Frameworks */,
				9183A293ED11878DCE270FA9 /* Pods_Guidr.framework in Frameworks */,
			);
			runOnlyForDeploymentPostprocessing = 0;
		};
/* End PBXFrameworksBuildPhase section */

/* Begin PBXGroup section */
		2787C769EC5688CF04D1E26E /* Frameworks */ = {
			isa = PBXGroup;
			children = (
				1B99A0241D54555900045402 /* Pulsar.framework */,
				EB6C01D51CF62DAA00A64A0D /* SystemConfiguration.framework */,
				EB6C01D31CF62DA200A64A0D /* Security.framework */,
				EB6C01D11CF62D9900A64A0D /* Foundation.framework */,
				BA426CFA56D7C939ABA18634 /* Pods_Guidr.framework */,
			);
			name = Frameworks;
			sourceTree = "<group>";
		};
		D33FC5B33E781BA2548A0EA7 /* Pods */ = {
			isa = PBXGroup;
			children = (
				DAD5F053B0EACE8670793C0E /* Pods-Guidr.debug.xcconfig */,
				E115212CECDA0662BD99F273 /* Pods-Guidr.release.xcconfig */,
			);
			name = Pods;
			sourceTree = "<group>";
		};
		EB036CB91CF6167E000CCB5E = {
			isa = PBXGroup;
			children = (
				EB036CC41CF6167E000CCB5E /* Guidr */,
				EB036CC31CF6167E000CCB5E /* Products */,
				2787C769EC5688CF04D1E26E /* Frameworks */,
				D33FC5B33E781BA2548A0EA7 /* Pods */,
			);
			sourceTree = "<group>";
		};
		EB036CC31CF6167E000CCB5E /* Products */ = {
			isa = PBXGroup;
			children = (
				EB036CC21CF6167E000CCB5E /* Guidr.app */,
			);
			name = Products;
			sourceTree = "<group>";
		};
		EB036CC41CF6167E000CCB5E /* Guidr */ = {
			isa = PBXGroup;
			children = (
				EB6C01D81CF62F8000A64A0D /* GGuidr-Bridging-Header.h */,
				EB036CC51CF6167E000CCB5E /* AppDelegate.swift */,
				EB036CC71CF6167E000CCB5E /* ViewController.swift */,
				1B8996D41D5A39750021F5ED /* CardView.xib */,
				1B5802321D5BA8F100DCAEB6 /* CardView2.xib */,
				1B99A0221D54230400045402 /* SplashScreen.swift */,
				1F1398A01CFF675A0053408A /* CardView.swift */,
				1BE9F4461D0A580000E0D7A0 /* DraggableViewBackground.swift */,
				1BE9F44A1D0A8E9900E0D7A0 /* CardDataStore.swift */,
				1BE9F4481D0A5A7400E0D7A0 /* OverlayView.swift */,
				EB3227A81CF8E4B8005FF081 /* Secrets.swift */,
				1B99A0261D54561600045402 /* CALayer+Pulsar.swift */,
				EB036CC91CF6167E000CCB5E /* Main.storyboard */,
				EB036CCC1CF6167E000CCB5E /* Assets.xcassets */,
				EB036CCE1CF6167E000CCB5E /* LaunchScreen.storyboard */,
				EB036CD11CF6167E000CCB5E /* Info.plist */,
			);
			path = Guidr;
			sourceTree = "<group>";
		};
/* End PBXGroup section */

/* Begin PBXNativeTarget section */
		EB036CC11CF6167E000CCB5E /* Guidr */ = {
			isa = PBXNativeTarget;
			buildConfigurationList = EB036CD41CF6167E000CCB5E /* Build configuration list for PBXNativeTarget "Guidr" */;
			buildPhases = (
				4FDAD01FFA6EBB2D8B73BCB6 /* [CP] Check Pods Manifest.lock */,
				EB036CBE1CF6167E000CCB5E /* Sources */,
				EB036CBF1CF6167E000CCB5E /* Frameworks */,
				EB036CC01CF6167E000CCB5E /* Resources */,
				34A198F428C85DC6126D74DC /* [CP] Embed Pods Frameworks */,
				50EC323A4BD055BAFB01DC54 /* [CP] Copy Pods Resources */,
			);
			buildRules = (
			);
			dependencies = (
			);
			name = Guidr;
			productName = Guidr;
			productReference = EB036CC21CF6167E000CCB5E /* Guidr.app */;
			productType = "com.apple.product-type.application";
		};
/* End PBXNativeTarget section */

/* Begin PBXProject section */
		EB036CBA1CF6167E000CCB5E /* Project object */ = {
			isa = PBXProject;
			attributes = {
				LastSwiftUpdateCheck = 0730;
				LastUpgradeCheck = 0730;
				ORGANIZATIONNAME = roundSteel;
				TargetAttributes = {
					EB036CC11CF6167E000CCB5E = {
						CreatedOnToolsVersion = 7.3.1;
						DevelopmentTeam = T6W38YLN79;
					};
				};
			};
			buildConfigurationList = EB036CBD1CF6167E000CCB5E /* Build configuration list for PBXProject "Guidr" */;
			compatibilityVersion = "Xcode 3.2";
			developmentRegion = English;
			hasScannedForEncodings = 0;
			knownRegions = (
				en,
				Base,
			);
			mainGroup = EB036CB91CF6167E000CCB5E;
			productRefGroup = EB036CC31CF6167E000CCB5E /* Products */;
			projectDirPath = "";
			projectRoot = "";
			targets = (
				EB036CC11CF6167E000CCB5E /* Guidr */,
			);
		};
/* End PBXProject section */

/* Begin PBXResourcesBuildPhase section */
		EB036CC01CF6167E000CCB5E /* Resources */ = {
			isa = PBXResourcesBuildPhase;
			buildActionMask = 2147483647;
			files = (
				EB036CD01CF6167E000CCB5E /* LaunchScreen.storyboard in Resources */,
				EB036CCD1CF6167E000CCB5E /* Assets.xcassets in Resources */,
				1B8996D51D5A39750021F5ED /* CardView.xib in Resources */,
				EB036CCB1CF6167E000CCB5E /* Main.storyboard in Resources */,
				1B5802331D5BA8F100DCAEB6 /* CardView2.xib in Resources */,
			);
			runOnlyForDeploymentPostprocessing = 0;
		};
/* End PBXResourcesBuildPhase section */

/* Begin PBXShellScriptBuildPhase section */
		34A198F428C85DC6126D74DC /* [CP] Embed Pods Frameworks */ = {
			isa = PBXShellScriptBuildPhase;
			buildActionMask = 2147483647;
			files = (
			);
			inputPaths = (
			);
			name = "[CP] Embed Pods Frameworks";
			outputPaths = (
			);
			runOnlyForDeploymentPostprocessing = 0;
			shellPath = /bin/sh;
			shellScript = "\"${SRCROOT}/Pods/Target Support Files/Pods-Guidr/Pods-Guidr-frameworks.sh\"\n";
			showEnvVarsInLog = 0;
		};
		4FDAD01FFA6EBB2D8B73BCB6 /* [CP] Check Pods Manifest.lock */ = {
			isa = PBXShellScriptBuildPhase;
			buildActionMask = 2147483647;
			files = (
			);
			inputPaths = (
			);
			name = "[CP] Check Pods Manifest.lock";
			outputPaths = (
			);
			runOnlyForDeploymentPostprocessing = 0;
			shellPath = /bin/sh;
			shellScript = "diff \"${PODS_ROOT}/../Podfile.lock\" \"${PODS_ROOT}/Manifest.lock\" > /dev/null\nif [[ $? != 0 ]] ; then\n    cat << EOM\nerror: The sandbox is not in sync with the Podfile.lock. Run 'pod install' or update your CocoaPods installation.\nEOM\n    exit 1\nfi\n";
			showEnvVarsInLog = 0;
		};
		50EC323A4BD055BAFB01DC54 /* [CP] Copy Pods Resources */ = {
			isa = PBXShellScriptBuildPhase;
			buildActionMask = 2147483647;
			files = (
			);
			inputPaths = (
			);
			name = "[CP] Copy Pods Resources";
			outputPaths = (
			);
			runOnlyForDeploymentPostprocessing = 0;
			shellPath = /bin/sh;
			shellScript = "\"${SRCROOT}/Pods/Target Support Files/Pods-Guidr/Pods-Guidr-resources.sh\"\n";
			showEnvVarsInLog = 0;
		};
/* End PBXShellScriptBuildPhase section */

/* Begin PBXSourcesBuildPhase section */
		EB036CBE1CF6167E000CCB5E /* Sources */ = {
			isa = PBXSourcesBuildPhase;
			buildActionMask = 2147483647;
			files = (
				1B99A0231D54230500045402 /* SplashScreen.swift in Sources */,
				EB036CC81CF6167E000CCB5E /* ViewController.swift in Sources */,
				1B99A0271D54561600045402 /* CALayer+Pulsar.swift in Sources */,
				EB3227A91CF8E4B8005FF081 /* Secrets.swift in Sources */,
				1F1398A11CFF675A0053408A /* CardView.swift in Sources */,
				1BE9F4491D0A5A7400E0D7A0 /* OverlayView.swift in Sources */,
				EB036CC61CF6167E000CCB5E /* AppDelegate.swift in Sources */,
				1BE9F4471D0A580000E0D7A0 /* DraggableViewBackground.swift in Sources */,
				1BE9F44B1D0A8E9900E0D7A0 /* CardDataStore.swift in Sources */,
			);
			runOnlyForDeploymentPostprocessing = 0;
		};
/* End PBXSourcesBuildPhase section */

/* Begin PBXVariantGroup section */
		EB036CC91CF6167E000CCB5E /* Main.storyboard */ = {
			isa = PBXVariantGroup;
			children = (
				EB036CCA1CF6167E000CCB5E /* Base */,
			);
			name = Main.storyboard;
			sourceTree = "<group>";
		};
		EB036CCE1CF6167E000CCB5E /* LaunchScreen.storyboard */ = {
			isa = PBXVariantGroup;
			children = (
				EB036CCF1CF6167E000CCB5E /* Base */,
			);
			name = LaunchScreen.storyboard;
			sourceTree = "<group>";
		};
/* End PBXVariantGroup section */

/* Begin XCBuildConfiguration section */
		EB036CD21CF6167E000CCB5E /* Debug */ = {
			isa = XCBuildConfiguration;
			buildSettings = {
				ALWAYS_SEARCH_USER_PATHS = NO;
				CLANG_ANALYZER_NONNULL = YES;
				CLANG_CXX_LANGUAGE_STANDARD = "gnu++0x";
				CLANG_CXX_LIBRARY = "libc++";
				CLANG_ENABLE_MODULES = YES;
				CLANG_ENABLE_OBJC_ARC = YES;
				CLANG_WARN_BOOL_CONVERSION = YES;
				CLANG_WARN_CONSTANT_CONVERSION = YES;
				CLANG_WARN_DIRECT_OBJC_ISA_USAGE = YES_ERROR;
				CLANG_WARN_EMPTY_BODY = YES;
				CLANG_WARN_ENUM_CONVERSION = YES;
				CLANG_WARN_INT_CONVERSION = YES;
				CLANG_WARN_OBJC_ROOT_CLASS = YES_ERROR;
				CLANG_WARN_UNREACHABLE_CODE = YES;
				CLANG_WARN__DUPLICATE_METHOD_MATCH = YES;
				"CODE_SIGN_IDENTITY[sdk=iphoneos*]" = "iPhone Developer";
				COPY_PHASE_STRIP = NO;
				DEBUG_INFORMATION_FORMAT = dwarf;
				ENABLE_STRICT_OBJC_MSGSEND = YES;
				ENABLE_TESTABILITY = YES;
				GCC_C_LANGUAGE_STANDARD = gnu99;
				GCC_DYNAMIC_NO_PIC = NO;
				GCC_NO_COMMON_BLOCKS = YES;
				GCC_OPTIMIZATION_LEVEL = 0;
				GCC_PREPROCESSOR_DEFINITIONS = (
					"DEBUG=1",
					"$(inherited)",
				);
				GCC_WARN_64_TO_32_BIT_CONVERSION = YES;
				GCC_WARN_ABOUT_RETURN_TYPE = YES_ERROR;
				GCC_WARN_UNDECLARED_SELECTOR = YES;
				GCC_WARN_UNINITIALIZED_AUTOS = YES_AGGRESSIVE;
				GCC_WARN_UNUSED_FUNCTION = YES;
				GCC_WARN_UNUSED_VARIABLE = YES;
				IPHONEOS_DEPLOYMENT_TARGET = 9.3;
				MTL_ENABLE_DEBUG_INFO = YES;
				ONLY_ACTIVE_ARCH = YES;
				SDKROOT = iphoneos;
				SWIFT_OPTIMIZATION_LEVEL = "-Onone";
			};
			name = Debug;
		};
		EB036CD31CF6167E000CCB5E /* Release */ = {
			isa = XCBuildConfiguration;
			buildSettings = {
				ALWAYS_SEARCH_USER_PATHS = NO;
				CLANG_ANALYZER_NONNULL = YES;
				CLANG_CXX_LANGUAGE_STANDARD = "gnu++0x";
				CLANG_CXX_LIBRARY = "libc++";
				CLANG_ENABLE_MODULES = YES;
				CLANG_ENABLE_OBJC_ARC = YES;
				CLANG_WARN_BOOL_CONVERSION = YES;
				CLANG_WARN_CONSTANT_CONVERSION = YES;
				CLANG_WARN_DIRECT_OBJC_ISA_USAGE = YES_ERROR;
				CLANG_WARN_EMPTY_BODY = YES;
				CLANG_WARN_ENUM_CONVERSION = YES;
				CLANG_WARN_INT_CONVERSION = YES;
				CLANG_WARN_OBJC_ROOT_CLASS = YES_ERROR;
				CLANG_WARN_UNREACHABLE_CODE = YES;
				CLANG_WARN__DUPLICATE_METHOD_MATCH = YES;
				"CODE_SIGN_IDENTITY[sdk=iphoneos*]" = "iPhone Developer";
				COPY_PHASE_STRIP = NO;
				DEBUG_INFORMATION_FORMAT = "dwarf-with-dsym";
				ENABLE_NS_ASSERTIONS = NO;
				ENABLE_STRICT_OBJC_MSGSEND = YES;
				GCC_C_LANGUAGE_STANDARD = gnu99;
				GCC_NO_COMMON_BLOCKS = YES;
				GCC_WARN_64_TO_32_BIT_CONVERSION = YES;
				GCC_WARN_ABOUT_RETURN_TYPE = YES_ERROR;
				GCC_WARN_UNDECLARED_SELECTOR = YES;
				GCC_WARN_UNINITIALIZED_AUTOS = YES_AGGRESSIVE;
				GCC_WARN_UNUSED_FUNCTION = YES;
				GCC_WARN_UNUSED_VARIABLE = YES;
				IPHONEOS_DEPLOYMENT_TARGET = 9.3;
				MTL_ENABLE_DEBUG_INFO = NO;
				SDKROOT = iphoneos;
				VALIDATE_PRODUCT = YES;
			};
			name = Release;
		};
		EB036CD51CF6167E000CCB5E /* Debug */ = {
			isa = XCBuildConfiguration;
			baseConfigurationReference = DAD5F053B0EACE8670793C0E /* Pods-Guidr.debug.xcconfig */;
			buildSettings = {
				ASSETCATALOG_COMPILER_APPICON_NAME = AppIcon;
				FRAMEWORK_SEARCH_PATHS = (
					"$(inherited)",
					"$(PROJECT_DIR)/build/Debug-iphoneos",
				);
				INFOPLIST_FILE = Guidr/Info.plist;
				LD_RUNPATH_SEARCH_PATHS = "$(inherited) @executable_path/Frameworks";
				PRODUCT_BUNDLE_IDENTIFIER = com.roundSteel.Guidr;
				PRODUCT_NAME = "$(TARGET_NAME)";
				SWIFT_OBJC_BRIDGING_HEADER = "Guidr/GGuidr-Bridging-Header.h";
			};
			name = Debug;
		};
		EB036CD61CF6167E000CCB5E /* Release */ = {
			isa = XCBuildConfiguration;
			baseConfigurationReference = E115212CECDA0662BD99F273 /* Pods-Guidr.release.xcconfig */;
			buildSettings = {
				ASSETCATALOG_COMPILER_APPICON_NAME = AppIcon;
				FRAMEWORK_SEARCH_PATHS = (
					"$(inherited)",
					"$(PROJECT_DIR)/build/Debug-iphoneos",
				);
				INFOPLIST_FILE = Guidr/Info.plist;
				LD_RUNPATH_SEARCH_PATHS = "$(inherited) @executable_path/Frameworks";
				PRODUCT_BUNDLE_IDENTIFIER = com.roundSteel.Guidr;
				PRODUCT_NAME = "$(TARGET_NAME)";
				SWIFT_OBJC_BRIDGING_HEADER = "Guidr/GGuidr-Bridging-Header.h";
			};
			name = Release;
		};
/* End XCBuildConfiguration section */

/* Begin XCConfigurationList section */
		EB036CBD1CF6167E000CCB5E /* Build configuration list for PBXProject "Guidr" */ = {
			isa = XCConfigurationList;
			buildConfigurations = (
				EB036CD21CF6167E000CCB5E /* Debug */,
				EB036CD31CF6167E000CCB5E /* Release */,
			);
			defaultConfigurationIsVisible = 0;
			defaultConfigurationName = Release;
		};
		EB036CD41CF6167E000CCB5E /* Build configuration list for PBXNativeTarget "Guidr" */ = {
			isa = XCConfigurationList;
			buildConfigurations = (
				EB036CD51CF6167E000CCB5E /* Debug */,
				EB036CD61CF6167E000CCB5E /* Release */,
			);
			defaultConfigurationIsVisible = 0;
			defaultConfigurationName = Release;
		};
/* End XCConfigurationList section */
	};
	rootObject = EB036CBA1CF6167E000CCB5E /* Project object */;
}
